{
  "meteor": {},
  "dependencies": {
    "basePackages": {
      "scss": {},
      "rosie": {}
    },
    "packages": {
      "scss": {
        "git": "https://github.com/fourseven/meteor-scss.git",
        "tag": "v0.6.4.1",
        "commit": "bf203edb83565943cc0c00a31d536de7094f312b"
      },
      "rosie": {
        "git": "https://github.com/fourseven/meteor-rosie.git",
        "tag": "v0.2.0.2",
        "commit": "cbedec7f8232a05d24e9068c4f637439655fb564"
      }
    }
  }
}
